
Microsoft Visual Studio Solution File, Format Version 12.00
# Visual Studio Version 17
VisualStudioVersion = 17.9.34902.65
MinimumVisualStudioVersion = 10.0.40219.1
Project("{FAE04EC0-301F-11D3-BF4B-00C04F79EFBC}") = "Music.API", "Music.API\Music.API.csproj", "{FCD15860-2182-4CC1-B4AA-F9ACB83004C9}"
EndProject
Project("{FAE04EC0-301F-11D3-BF4B-00C04F79EFBC}") = "Music.Core", "Music.Core\Music.Core.csproj", "{E1825661-BAFF-40D2-A9CB-18D065C3897B}"
EndProject
Global
	GlobalSection(SolutionConfigurationPlatforms) = preSolution
		Debug|Any CPU = Debug|Any CPU
		Release|Any CPU = Release|Any CPU
	EndGlobalSection
	GlobalSection(ProjectConfigurationPlatforms) = postSolution
		{FCD15860-2182-4CC1-B4AA-F9ACB83004C9}.Debug|Any CPU.ActiveCfg = Debug|Any CPU
		{FCD15860-2182-4CC1-B4AA-F9ACB83004C9}.Debug|Any CPU.Build.0 = Debug|Any CPU
		{FCD15860-2182-4CC1-B4AA-F9ACB83004C9}.Release|Any CPU.ActiveCfg = Release|Any CPU
		{FCD15860-2182-4CC1-B4AA-F9ACB83004C9}.Release|Any CPU.Build.0 = Release|Any CPU
		{E1825661-BAFF-40D2-A9CB-18D065C3897B}.Debug|Any CPU.ActiveCfg = Debug|Any CPU
		{E1825661-BAFF-40D2-A9CB-18D065C3897B}.Debug|Any CPU.Build.0 = Debug|Any CPU
		{E1825661-BAFF-40D2-A9CB-18D065C3897B}.Release|Any CPU.ActiveCfg = Release|Any CPU
		{E1825661-BAFF-40D2-A9CB-18D065C3897B}.Release|Any CPU.Build.0 = Release|Any CPU
	EndGlobalSection
	GlobalSection(SolutionProperties) = preSolution
		HideSolutionNode = FALSE
	EndGlobalSection
	GlobalSection(ExtensibilityGlobals) = postSolution
		SolutionGuid = {93F5D172-EA1B-496B-95D6-86D3D5496EC1}
	EndGlobalSection
EndGlobal
